
Microsoft Visual Studio Solution File, Format Version 12.00
# Visual Studio Version 16
VisualStudioVersion = 16.0.30114.105
MinimumVisualStudioVersion = 10.0.40219.1
Project("{FAE04EC0-301F-11D3-BF4B-00C04F79EFBC}") = "YFonts.SHX", "YFonts.SHX\YFonts.SHX.csproj", "{114CE35A-48D1-4CDD-B985-8B9DC6F97702}"
EndProject
Project("{FAE04EC0-301F-11D3-BF4B-00C04F79EFBC}") = "FontsTest", "FontsTest\FontsTest.csproj", "{11014A38-831D-41EE-A8F9-1BAC3DEC8559}"
EndProject
Global
	GlobalSection(SolutionConfigurationPlatforms) = preSolution
		Debug|Any CPU = Debug|Any CPU
		Release|Any CPU = Release|Any CPU
	EndGlobalSection
	GlobalSection(ProjectConfigurationPlatforms) = postSolution
		{114CE35A-48D1-4CDD-B985-8B9DC6F97702}.Debug|Any CPU.ActiveCfg = Debug|Any CPU
		{114CE35A-48D1-4CDD-B985-8B9DC6F97702}.Debug|Any CPU.Build.0 = Debug|Any CPU
		{114CE35A-48D1-4CDD-B985-8B9DC6F97702}.Release|Any CPU.ActiveCfg = Release|Any CPU
		{114CE35A-48D1-4CDD-B985-8B9DC6F97702}.Release|Any CPU.Build.0 = Release|Any CPU
		{11014A38-831D-41EE-A8F9-1BAC3DEC8559}.Debug|Any CPU.ActiveCfg = Debug|Any CPU
		{11014A38-831D-41EE-A8F9-1BAC3DEC8559}.Debug|Any CPU.Build.0 = Debug|Any CPU
		{11014A38-831D-41EE-A8F9-1BAC3DEC8559}.Release|Any CPU.ActiveCfg = Release|Any CPU
		{11014A38-831D-41EE-A8F9-1BAC3DEC8559}.Release|Any CPU.Build.0 = Release|Any CPU
	EndGlobalSection
	GlobalSection(SolutionProperties) = preSolution
		HideSolutionNode = FALSE
	EndGlobalSection
	GlobalSection(ExtensibilityGlobals) = postSolution
		SolutionGuid = {CFAD0B24-9AA0-48F7-8093-A21BE8B94200}
	EndGlobalSection
EndGlobal
